version = 1
revision = 3
requires-python = ">=3.13"

[[package]]
name = "ipynb"
version = "0.5.1"
source = { registry = "https://pypi.org/simple" }
sdist = { url = "https://files.pythonhosted.org/packages/a9/73/fd7b6497883c180e870712216348cf0f3271b75347f75cffbf28cf633d7e/ipynb-0.5.1.tar.gz", hash = "sha256:8d834c777ca3885289938728cc382f081c86a58e92961e86f0aba60c96938ce5", size = 3938, upload-time = "2017-10-23T06:25:52.279Z" }
wheels = [
    { url = "https://files.pythonhosted.org/packages/31/42/4c0bbb66390e3a68e04ebf134c8d074a00c18b5882293f8ace5f7497fbf0/ipynb-0.5.1-py3-none-any.whl", hash = "sha256:9686aafce6fd58ec160fa6ba649a7810df89cc0f06a317188ac5e59fd728e325", size = 6885, upload-time = "2017-10-23T06:25:54.199Z" },
]

[[package]]
name = "ml"
version = "0.1.0"
source = { virtual = "." }
dependencies = [
    { name = "ipynb" },
]

[package.metadata]
requires-dist = [{ name = "ipynb", specifier = ">=0.5.1" }]
